
Microsoft Visual Studio Solution File, Format Version 12.00
# Visual Studio 15
VisualStudioVersion = 15.0.26730.8
MinimumVisualStudioVersion = 10.0.40219.1
Project("{FAE04EC0-301F-11D3-BF4B-00C04F79EFBC}") = "UeberlebenIstHauptsache2", "UeberlebenIstHauptsache2\UeberlebenIstHauptsache2.csproj", "{301927DF-2F9C-42F7-9F00-C06951397857}"
EndProject
Global
	GlobalSection(SolutionConfigurationPlatforms) = preSolution
		Debug|Any CPU = Debug|Any CPU
		Release|Any CPU = Release|Any CPU
	EndGlobalSection
	GlobalSection(ProjectConfigurationPlatforms) = postSolution
		{301927DF-2F9C-42F7-9F00-C06951397857}.Debug|Any CPU.ActiveCfg = Debug|Any CPU
		{301927DF-2F9C-42F7-9F00-C06951397857}.Debug|Any CPU.Build.0 = Debug|Any CPU
		{301927DF-2F9C-42F7-9F00-C06951397857}.Release|Any CPU.ActiveCfg = Release|Any CPU
		{301927DF-2F9C-42F7-9F00-C06951397857}.Release|Any CPU.Build.0 = Release|Any CPU
	EndGlobalSection
	GlobalSection(SolutionProperties) = preSolution
		HideSolutionNode = FALSE
	EndGlobalSection
	GlobalSection(ExtensibilityGlobals) = postSolution
		SolutionGuid = {39D8E70B-F563-43D4-9FB3-C6455D0D58C8}
	EndGlobalSection
EndGlobal
